
Microsoft Visual Studio Solution File, Format Version 12.00
# Visual Studio 14
VisualStudioVersion = 14.0.23107.0
MinimumVisualStudioVersion = 10.0.40219.1
Project("{FAE04EC0-301F-11D3-BF4B-00C04F79EFBC}") = "TicTacToe", "TicTacToeAI\TicTacToe.csproj", "{91EA8148-63E6-4D2E-9B30-84CF12914ADB}"
EndProject
Project("{FAE04EC0-301F-11D3-BF4B-00C04F79EFBC}") = "Shell", "Shell\Shell.csproj", "{63D6CFFE-038B-45B6-9A01-C441A5B54BCC}"
EndProject
Global
	GlobalSection(SolutionConfigurationPlatforms) = preSolution
		Debug|Any CPU = Debug|Any CPU
		Release|Any CPU = Release|Any CPU
	EndGlobalSection
	GlobalSection(ProjectConfigurationPlatforms) = postSolution
		{91EA8148-63E6-4D2E-9B30-84CF12914ADB}.Debug|Any CPU.ActiveCfg = Debug|Any CPU
		{91EA8148-63E6-4D2E-9B30-84CF12914ADB}.Debug|Any CPU.Build.0 = Debug|Any CPU
		{91EA8148-63E6-4D2E-9B30-84CF12914ADB}.Release|Any CPU.ActiveCfg = Release|Any CPU
		{91EA8148-63E6-4D2E-9B30-84CF12914ADB}.Release|Any CPU.Build.0 = Release|Any CPU
		{63D6CFFE-038B-45B6-9A01-C441A5B54BCC}.Debug|Any CPU.ActiveCfg = Debug|Any CPU
		{63D6CFFE-038B-45B6-9A01-C441A5B54BCC}.Debug|Any CPU.Build.0 = Debug|Any CPU
		{63D6CFFE-038B-45B6-9A01-C441A5B54BCC}.Release|Any CPU.ActiveCfg = Release|Any CPU
		{63D6CFFE-038B-45B6-9A01-C441A5B54BCC}.Release|Any CPU.Build.0 = Release|Any CPU
	EndGlobalSection
	GlobalSection(SolutionProperties) = preSolution
		HideSolutionNode = FALSE
	EndGlobalSection
EndGlobal
